
Microsoft Visual Studio Solution File, Format Version 12.00
# Visual Studio 15
VisualStudioVersion = 15.0.28307.329
MinimumVisualStudioVersion = 10.0.40219.1
Project("{FAE04EC0-301F-11D3-BF4B-00C04F79EFBC}") = "BowlingGame", "BowlingGame\BowlingGame.csproj", "{707AAD53-8AC7-4AB8-9D52-EE360673E13C}"
EndProject
Global
	GlobalSection(SolutionConfigurationPlatforms) = preSolution
		Debug|Any CPU = Debug|Any CPU
		Release|Any CPU = Release|Any CPU
	EndGlobalSection
	GlobalSection(ProjectConfigurationPlatforms) = postSolution
		{707AAD53-8AC7-4AB8-9D52-EE360673E13C}.Debug|Any CPU.ActiveCfg = Debug|Any CPU
		{707AAD53-8AC7-4AB8-9D52-EE360673E13C}.Debug|Any CPU.Build.0 = Debug|Any CPU
		{707AAD53-8AC7-4AB8-9D52-EE360673E13C}.Release|Any CPU.ActiveCfg = Release|Any CPU
		{707AAD53-8AC7-4AB8-9D52-EE360673E13C}.Release|Any CPU.Build.0 = Release|Any CPU
	EndGlobalSection
	GlobalSection(SolutionProperties) = preSolution
		HideSolutionNode = FALSE
	EndGlobalSection
	GlobalSection(ExtensibilityGlobals) = postSolution
		SolutionGuid = {31515839-D51A-40A0-887C-59609A6BA12E}
	EndGlobalSection
EndGlobal
